<?xml version="1.0" encoding="utf-8"?>
<Project ToolsVersion="4.0" xmlns="http://schemas.microsoft.com/developer/msbuild/2003">
  <ItemGroup>
    <Filter Include="Source Files">
      <UniqueIdentifier>{4FC737F1-C7A5-4376-A066-2A32D752A2FF}</UniqueIdentifier>
      <Extensions>cpp;c;cc;cxx;def;odl;idl;hpj;bat;asm;asmx</Extensions>
    </Filter>
    <Filter Include="Header Files">
      <UniqueIdentifier>{93995380-89BD-4b04-88EB-625FBE52EBFB}</UniqueIdentifier>
      <Extensions>h;hpp;hxx;hm;inl;inc;xsd</Extensions>
    </Filter>
    <Filter Include="Resource Files">
      <UniqueIdentifier>{67DA6AB6-F800-4c08-8B7A-83BB121AAD01}</UniqueIdentifier>
      <Extensions>rc;ico;cur;bmp;dlg;rc2;rct;bin;rgs;gif;jpg;jpeg;jpe;resx;tiff;tif;png;wav;mfcribbon-ms</Extensions>
    </Filter>
    <Filter Include="Resource Files\texture">
      <UniqueIdentifier>{9667ce88-b676-45a2-b2a6-cdbdaee19878}</UniqueIdentifier>
    </Filter>
    <Filter Include="Header Files\Helper">
      <UniqueIdentifier>{ee6b7d74-b13e-43cf-abe2-ad3faa62159f}</UniqueIdentifier>
    </Filter>
    <Filter Include="Source Files\Helper">
      <UniqueIdentifier>{2f6f8a2b-d8bf-4b04-8b41-407d2dc49814}</UniqueIdentifier>
    </Filter>
    <Filter Include="Header Files\Drawing">
      <UniqueIdentifier>{2803db9c-c700-46b3-967f-2994bfb4f6b4}</UniqueIdentifier>
    </Filter>
    <Filter Include="Header Files\Exception">
      <UniqueIdentifier>{4bc3d654-9c4f-4c7f-a4ec-25dacffe4667}</UniqueIdentifier>
    </Filter>
    <Filter Include="Source Files\Exception">
      <UniqueIdentifier>{569c7712-b64b-4d4d-a3b6-df13e74fe70c}</UniqueIdentifier>
    </Filter>
    <Filter Include="Source Files\Drawing">
      <UniqueIdentifier>{2ee3dad3-7065-47fa-8610-5180d39861fd}</UniqueIdentifier>
    </Filter>
  </ItemGroup>
  <ItemGroup>
    <ClCompile Include="main.cpp">
      <Filter>Source Files</Filter>
    </ClCompile>
    <ClCompile Include="Game.cpp">
      <Filter>Source Files</Filter>
    </ClCompile>
    <ClCompile Include="Player.cpp">
      <Filter>Source Files</Filter>
    </ClCompile>
    <ClCompile Include="GameException.cpp">
      <Filter>Source Files\Exception</Filter>
    </ClCompile>
    <ClCompile Include="ExceptionType.h">
      <Filter>Header Files\Exception</Filter>
    </ClCompile>
    <ClCompile Include="Entity.cpp">
      <Filter>Source Files</Filter>
    </ClCompile>
    <ClCompile Include="TimeSpan.cpp">
      <Filter>Source Files\Helper</Filter>
    </ClCompile>
    <ClCompile Include="GameTime.cpp">
      <Filter>Source Files\Helper</Filter>
    </ClCompile>
    <ClCompile Include="Level.cpp">
      <Filter>Source Files</Filter>
    </ClCompile>
    <ClCompile Include="GameStateMonitor.cpp">
      <Filter>Source Files\Helper</Filter>
    </ClCompile>
    <ClCompile Include="Point.cpp">
      <Filter>Source Files\Helper</Filter>
    </ClCompile>
    <ClCompile Include="DrawingManager.cpp">
      <Filter>Source Files\Drawing</Filter>
    </ClCompile>
    <ClCompile Include="ResourceManager.cpp">
      <Filter>Source Files\Drawing</Filter>
    </ClCompile>
    <ClCompile Include="LevelDrawing.cpp">
      <Filter>Source Files\Drawing</Filter>
    </ClCompile>
    <ClCompile Include="ImageDrawing.cpp">
      <Filter>Source Files\Drawing</Filter>
    </ClCompile>
    <ClCompile Include="AnimationDrawing.cpp">
      <Filter>Source Files\Drawing</Filter>
    </ClCompile>
  </ItemGroup>
  <ItemGroup>
    <ClInclude Include="Player.h">
      <Filter>Header Files</Filter>
    </ClInclude>
    <ClInclude Include="GameException.h">
      <Filter>Header Files\Exception</Filter>
    </ClInclude>
    <ClInclude Include="Entity.h">
      <Filter>Header Files</Filter>
    </ClInclude>
    <ClInclude Include="Macro.h">
      <Filter>Header Files\Helper</Filter>
    </ClInclude>
    <ClInclude Include="TimeSpan.h">
      <Filter>Header Files\Helper</Filter>
    </ClInclude>
    <ClInclude Include="GameTime.h">
      <Filter>Header Files\Helper</Filter>
    </ClInclude>
    <ClInclude Include="Level.h">
      <Filter>Header Files</Filter>
    </ClInclude>
    <ClInclude Include="GameStateMonitor.h">
      <Filter>Header Files\Helper</Filter>
    </ClInclude>
    <ClInclude Include="Game.h">
      <Filter>Header Files</Filter>
    </ClInclude>
    <ClInclude Include="Point.h">
      <Filter>Header Files\Helper</Filter>
    </ClInclude>
    <ClInclude Include="ResourceManager.h">
      <Filter>Header Files\Drawing</Filter>
    </ClInclude>
    <ClInclude Include="DrawingManager.h">
      <Filter>Header Files\Drawing</Filter>
    </ClInclude>
    <ClInclude Include="LevelDrawing.h">
      <Filter>Header Files\Drawing</Filter>
    </ClInclude>
    <ClInclude Include="ImageDrawing.h">
      <Filter>Header Files\Drawing</Filter>
    </ClInclude>
    <ClInclude Include="AnimationDrawing.h">
      <Filter>Header Files\Drawing</Filter>
    </ClInclude>
    <ClInclude Include="IComponent.h">
      <Filter>Header Files\Helper</Filter>
    </ClInclude>
    <ClInclude Include="IEntityDrawing.h">
      <Filter>Header Files\Drawing</Filter>
    </ClInclude>
  </ItemGroup>
  <ItemGroup>
    <CustomBuild Include="resource\texture\pool.bmp">
      <Filter>Resource Files\texture</Filter>
    </CustomBuild>
    <CustomBuild Include="resource\texture\player.bmp">
      <Filter>Resource Files\texture</Filter>
    </CustomBuild>
    <CustomBuild Include="resource\texture\levelbg.bmp">
      <Filter>Resource Files\texture</Filter>
    </CustomBuild>
    <CustomBuild Include="resource\texture\gamebg.bmp">
      <Filter>Resource Files\texture</Filter>
    </CustomBuild>
    <CustomBuild Include="resource\texture\enemy.bmp">
      <Filter>Resource Files\texture</Filter>
    </CustomBuild>
    <CustomBuild Include="resource\texture\bush.bmp">
      <Filter>Resource Files\texture</Filter>
    </CustomBuild>
    <CustomBuild Include="resource\texture\bullet.bmp">
      <Filter>Resource Files\texture</Filter>
    </CustomBuild>
    <CustomBuild Include="resource\texture\brick.bmp">
      <Filter>Resource Files\texture</Filter>
    </CustomBuild>
    <CustomBuild Include="resource\texture\steel.bmp">
      <Filter>Resource Files\texture</Filter>
    </CustomBuild>
    <CustomBuild Include="resource\texture\base.bmp">
      <Filter>Resource Files\texture</Filter>
    </CustomBuild>
  </ItemGroup>
</Project>