<?xml version="1.0" encoding="utf-8"?>
<Project ToolsVersion="4.0" xmlns="http://schemas.microsoft.com/developer/msbuild/2003">
  <ItemGroup>
    <Filter Include="Source Files">
      <UniqueIdentifier>{4FC737F1-C7A5-4376-A066-2A32D752A2FF}</UniqueIdentifier>
      <Extensions>cpp;c;cc;cxx;def;odl;idl;hpj;bat;asm;asmx</Extensions>
    </Filter>
    <Filter Include="Header Files">
      <UniqueIdentifier>{93995380-89BD-4b04-88EB-625FBE52EBFB}</UniqueIdentifier>
      <Extensions>h;hpp;hxx;hm;inl;inc;xsd</Extensions>
    </Filter>
    <Filter Include="Resource Files">
      <UniqueIdentifier>{67DA6AB6-F800-4c08-8B7A-83BB121AAD01}</UniqueIdentifier>
      <Extensions>rc;ico;cur;bmp;dlg;rc2;rct;bin;rgs;gif;jpg;jpeg;jpe;resx;tiff;tif;png;wav;mfcribbon-ms</Extensions>
    </Filter>
    <Filter Include="Resource Files\texture">
      <UniqueIdentifier>{9667ce88-b676-45a2-b2a6-cdbdaee19878}</UniqueIdentifier>
    </Filter>
    <Filter Include="Header Files\Helper">
      <UniqueIdentifier>{ee6b7d74-b13e-43cf-abe2-ad3faa62159f}</UniqueIdentifier>
    </Filter>
    <Filter Include="Source Files\Helper">
      <UniqueIdentifier>{2f6f8a2b-d8bf-4b04-8b41-407d2dc49814}</UniqueIdentifier>
    </Filter>
    <Filter Include="Header Files\Drawing">
      <UniqueIdentifier>{2803db9c-c700-46b3-967f-2994bfb4f6b4}</UniqueIdentifier>
    </Filter>
    <Filter Include="Header Files\Exception">
      <UniqueIdentifier>{4bc3d654-9c4f-4c7f-a4ec-25dacffe4667}</UniqueIdentifier>
    </Filter>
    <Filter Include="Source Files\Exception">
      <UniqueIdentifier>{569c7712-b64b-4d4d-a3b6-df13e74fe70c}</UniqueIdentifier>
    </Filter>
    <Filter Include="Source Files\Drawing">
      <UniqueIdentifier>{2ee3dad3-7065-47fa-8610-5180d39861fd}</UniqueIdentifier>
    </Filter>
    <Filter Include="Source Files\Manager">
      <UniqueIdentifier>{adb461f9-9cc3-4aa8-a9ec-4287a8685f61}</UniqueIdentifier>
    </Filter>
    <Filter Include="Header Files\Manager">
      <UniqueIdentifier>{3faca13d-5900-4380-9f48-1b20d3b5c5e3}</UniqueIdentifier>
    </Filter>
    <Filter Include="Resource Files\texture\player">
      <UniqueIdentifier>{d68fc47d-7c0e-45d6-bd16-171c0dd8dbf7}</UniqueIdentifier>
    </Filter>
    <Filter Include="Resource Files\texture\scene1">
      <UniqueIdentifier>{b312fcbd-8d53-40d6-b767-d45077f3cd78}</UniqueIdentifier>
    </Filter>
    <Filter Include="Header Files\Tile">
      <UniqueIdentifier>{2d98dda8-6624-44af-bdd4-cda7f04676c6}</UniqueIdentifier>
    </Filter>
    <Filter Include="Source Files\Tile">
      <UniqueIdentifier>{6565817b-65b8-4125-9932-f638092703e3}</UniqueIdentifier>
    </Filter>
    <Filter Include="Header Files\Entity">
      <UniqueIdentifier>{c53bb6c4-e84b-478f-80de-5c0026705a39}</UniqueIdentifier>
    </Filter>
    <Filter Include="Source Files\Entity">
      <UniqueIdentifier>{29f9515b-4e34-4034-8196-652f15fdb4db}</UniqueIdentifier>
    </Filter>
  </ItemGroup>
  <ItemGroup>
    <ClCompile Include="main.cpp">
      <Filter>Source Files</Filter>
    </ClCompile>
    <ClCompile Include="Game.cpp">
      <Filter>Source Files</Filter>
    </ClCompile>
    <ClCompile Include="GameException.cpp">
      <Filter>Source Files\Exception</Filter>
    </ClCompile>
    <ClCompile Include="ExceptionType.h">
      <Filter>Header Files\Exception</Filter>
    </ClCompile>
    <ClCompile Include="Level.cpp">
      <Filter>Source Files</Filter>
    </ClCompile>
    <ClCompile Include="GameStateMonitor.cpp">
      <Filter>Source Files\Helper</Filter>
    </ClCompile>
    <ClCompile Include="Point.cpp">
      <Filter>Source Files\Helper</Filter>
    </ClCompile>
    <ClCompile Include="LevelDrawing.cpp">
      <Filter>Source Files\Drawing</Filter>
    </ClCompile>
    <ClCompile Include="AnimationDrawing.cpp">
      <Filter>Source Files\Drawing</Filter>
    </ClCompile>
    <ClCompile Include="TimeManager.cpp">
      <Filter>Source Files\Manager</Filter>
    </ClCompile>
    <ClCompile Include="ResourceManager.cpp">
      <Filter>Source Files\Manager</Filter>
    </ClCompile>
    <ClCompile Include="DrawingManager.cpp">
      <Filter>Source Files\Manager</Filter>
    </ClCompile>
    <ClCompile Include="TimeSpan.cpp">
      <Filter>Source Files\Helper</Filter>
    </ClCompile>
    <ClCompile Include="Math.cpp">
      <Filter>Source Files\Helper</Filter>
    </ClCompile>
    <ClCompile Include="Player.cpp">
      <Filter>Source Files\Entity</Filter>
    </ClCompile>
    <ClCompile Include="Bullet.cpp">
      <Filter>Source Files\Entity</Filter>
    </ClCompile>
    <ClCompile Include="Entity.cpp">
      <Filter>Source Files\Entity</Filter>
    </ClCompile>
    <ClCompile Include="Rectangle.cpp">
      <Filter>Source Files\Helper</Filter>
    </ClCompile>
    <ClCompile Include="Tank.cpp">
      <Filter>Source Files\Entity</Filter>
    </ClCompile>
  </ItemGroup>
  <ItemGroup>
    <ClInclude Include="GameException.h">
      <Filter>Header Files\Exception</Filter>
    </ClInclude>
    <ClInclude Include="Macro.h">
      <Filter>Header Files\Helper</Filter>
    </ClInclude>
    <ClInclude Include="TimeSpan.h">
      <Filter>Header Files\Helper</Filter>
    </ClInclude>
    <ClInclude Include="Level.h">
      <Filter>Header Files</Filter>
    </ClInclude>
    <ClInclude Include="GameStateMonitor.h">
      <Filter>Header Files\Helper</Filter>
    </ClInclude>
    <ClInclude Include="Game.h">
      <Filter>Header Files</Filter>
    </ClInclude>
    <ClInclude Include="Point.h">
      <Filter>Header Files\Helper</Filter>
    </ClInclude>
    <ClInclude Include="LevelDrawing.h">
      <Filter>Header Files\Drawing</Filter>
    </ClInclude>
    <ClInclude Include="AnimationDrawing.h">
      <Filter>Header Files\Drawing</Filter>
    </ClInclude>
    <ClInclude Include="TimeManager.h">
      <Filter>Header Files\Manager</Filter>
    </ClInclude>
    <ClInclude Include="ResourceManager.h">
      <Filter>Header Files\Manager</Filter>
    </ClInclude>
    <ClInclude Include="DrawingManager.h">
      <Filter>Header Files\Manager</Filter>
    </ClInclude>
    <ClInclude Include="Component.h">
      <Filter>Header Files\Helper</Filter>
    </ClInclude>
    <ClInclude Include="Math.h">
      <Filter>Header Files\Helper</Filter>
    </ClInclude>
    <ClInclude Include="Player.h">
      <Filter>Header Files\Entity</Filter>
    </ClInclude>
    <ClInclude Include="Brick.h">
      <Filter>Header Files\Tile</Filter>
    </ClInclude>
    <ClInclude Include="Tile.h">
      <Filter>Header Files\Tile</Filter>
    </ClInclude>
    <ClInclude Include="EmptySpace.h">
      <Filter>Header Files\Tile</Filter>
    </ClInclude>
    <ClInclude Include="Bullet.h">
      <Filter>Header Files\Entity</Filter>
    </ClInclude>
    <ClInclude Include="Entity.h">
      <Filter>Header Files\Entity</Filter>
    </ClInclude>
    <ClInclude Include="Rectangle.h">
      <Filter>Header Files\Helper</Filter>
    </ClInclude>
    <ClInclude Include="Tank.h">
      <Filter>Header Files\Entity</Filter>
    </ClInclude>
  </ItemGroup>
  <ItemGroup>
    <CustomBuild Include="resource\texture\scene1\brick.bmp">
      <Filter>Resource Files\texture\scene1</Filter>
    </CustomBuild>
    <CustomBuild Include="resource\texture\player\player1-right.bmp">
      <Filter>Resource Files\texture\player</Filter>
    </CustomBuild>
    <CustomBuild Include="resource\texture\player\player1-left.bmp">
      <Filter>Resource Files\texture\player</Filter>
    </CustomBuild>
    <CustomBuild Include="resource\texture\player\player1-up.bmp">
      <Filter>Resource Files\texture\player</Filter>
    </CustomBuild>
    <CustomBuild Include="resource\texture\player\player1-down.bmp">
      <Filter>Resource Files\texture\player</Filter>
    </CustomBuild>
    <CustomBuild Include="resource\texture\player\bullet.png">
      <Filter>Resource Files\texture\player</Filter>
    </CustomBuild>
  </ItemGroup>
</Project>